// !$*UTF8*$!
{
	archiveVersion = 1;
	classes = {
	};
	objectVersion = 50;
	objects = {

/* Begin PBXBuildFile section */
		94AEEFD690C975C6C6371665 /* Pods_Todoey4.framework in Frameworks */ = {isa = PBXBuildFile; fileRef = B39A09327A16D905D1406DD5 /* Pods_Todoey4.framework */; };
		972C311F21B6BCC600618BC7 /* AppDelegate.swift in Sources */ = {isa = PBXBuildFile; fileRef = 972C311E21B6BCC600618BC7 /* AppDelegate.swift */; };
		972C312121B6BCC600618BC7 /* TodoListViewController.swift in Sources */ = {isa = PBXBuildFile; fileRef = 972C312021B6BCC600618BC7 /* TodoListViewController.swift */; };
		972C312421B6BCC600618BC7 /* Main.storyboard in Resources */ = {isa = PBXBuildFile; fileRef = 972C312221B6BCC600618BC7 /* Main.storyboard */; };
		972C312621B6BCCB00618BC7 /* Assets.xcassets in Resources */ = {isa = PBXBuildFile; fileRef = 972C312521B6BCCB00618BC7 /* Assets.xcassets */; };
		972C312921B6BCCB00618BC7 /* LaunchScreen.storyboard in Resources */ = {isa = PBXBuildFile; fileRef = 972C312721B6BCCB00618BC7 /* LaunchScreen.storyboard */; };
		9730FA2F21BABBFF005A2FAC /* DataModel.xcdatamodeld in Sources */ = {isa = PBXBuildFile; fileRef = 9730FA2D21BABBFF005A2FAC /* DataModel.xcdatamodeld */; };
		9730FA3121BDCB74005A2FAC /* CategoryViewController.swift in Sources */ = {isa = PBXBuildFile; fileRef = 9730FA3021BDCB74005A2FAC /* CategoryViewController.swift */; };
/* End PBXBuildFile section */

/* Begin PBXFileReference section */
		6A4B26DE0A70A1B91018408E /* Pods-Todoey4.release.xcconfig */ = {isa = PBXFileReference; includeInIndex = 1; lastKnownFileType = text.xcconfig; name = "Pods-Todoey4.release.xcconfig"; path = "Pods/Target Support Files/Pods-Todoey4/Pods-Todoey4.release.xcconfig"; sourceTree = "<group>"; };
		972C311B21B6BCC600618BC7 /* Todoey4.app */ = {isa = PBXFileReference; explicitFileType = wrapper.application; includeInIndex = 0; path = Todoey4.app; sourceTree = BUILT_PRODUCTS_DIR; };
		972C311E21B6BCC600618BC7 /* AppDelegate.swift */ = {isa = PBXFileReference; lastKnownFileType = sourcecode.swift; path = AppDelegate.swift; sourceTree = "<group>"; };
		972C312021B6BCC600618BC7 /* TodoListViewController.swift */ = {isa = PBXFileReference; lastKnownFileType = sourcecode.swift; path = TodoListViewController.swift; sourceTree = "<group>"; };
		972C312321B6BCC600618BC7 /* Base */ = {isa = PBXFileReference; lastKnownFileType = file.storyboard; name = Base; path = Base.lproj/Main.storyboard; sourceTree = "<group>"; };
		972C312521B6BCCB00618BC7 /* Assets.xcassets */ = {isa = PBXFileReference; lastKnownFileType = folder.assetcatalog; path = Assets.xcassets; sourceTree = "<group>"; };
		972C312821B6BCCB00618BC7 /* Base */ = {isa = PBXFileReference; lastKnownFileType = file.storyboard; name = Base; path = Base.lproj/LaunchScreen.storyboard; sourceTree = "<group>"; };
		972C312A21B6BCCB00618BC7 /* Info.plist */ = {isa = PBXFileReference; lastKnownFileType = text.plist.xml; path = Info.plist; sourceTree = "<group>"; };
		9730FA2E21BABBFF005A2FAC /* DataModel.xcdatamodel */ = {isa = PBXFileReference; lastKnownFileType = wrapper.xcdatamodel; path = DataModel.xcdatamodel; sourceTree = "<group>"; };
		9730FA3021BDCB74005A2FAC /* CategoryViewController.swift */ = {isa = PBXFileReference; lastKnownFileType = sourcecode.swift; path = CategoryViewController.swift; sourceTree = "<group>"; };
		B0411EAF4F4C25ED7A8F96C1 /* Pods-Todoey4.debug.xcconfig */ = {isa = PBXFileReference; includeInIndex = 1; lastKnownFileType = text.xcconfig; name = "Pods-Todoey4.debug.xcconfig"; path = "Pods/Target Support Files/Pods-Todoey4/Pods-Todoey4.debug.xcconfig"; sourceTree = "<group>"; };
		B39A09327A16D905D1406DD5 /* Pods_Todoey4.framework */ = {isa = PBXFileReference; explicitFileType = wrapper.framework; includeInIndex = 0; path = Pods_Todoey4.framework; sourceTree = BUILT_PRODUCTS_DIR; };
/* End PBXFileReference section */

/* Begin PBXFrameworksBuildPhase section */
		972C311821B6BCC600618BC7 /* Frameworks */ = {
			isa = PBXFrameworksBuildPhase;
			buildActionMask = 2147483647;
			files = (
				94AEEFD690C975C6C6371665 /* Pods_Todoey4.framework in Frameworks */,
			);
			runOnlyForDeploymentPostprocessing = 0;
		};
/* End PBXFrameworksBuildPhase section */

/* Begin PBXGroup section */
		5FC53593281F94DBF9A19574 /* Frameworks */ = {
			isa = PBXGroup;
			children = (
				B39A09327A16D905D1406DD5 /* Pods_Todoey4.framework */,
			);
			name = Frameworks;
			sourceTree = "<group>";
		};
		972C311221B6BCC600618BC7 = {
			isa = PBXGroup;
			children = (
				972C311D21B6BCC600618BC7 /* Todoey4 */,
				972C311C21B6BCC600618BC7 /* Products */,
				9C865C388F1106D6FFA2397C /* Pods */,
				5FC53593281F94DBF9A19574 /* Frameworks */,
			);
			sourceTree = "<group>";
		};
		972C311C21B6BCC600618BC7 /* Products */ = {
			isa = PBXGroup;
			children = (
				972C311B21B6BCC600618BC7 /* Todoey4.app */,
			);
			name = Products;
			sourceTree = "<group>";
		};
		972C311D21B6BCC600618BC7 /* Todoey4 */ = {
			isa = PBXGroup;
			children = (
				972C311E21B6BCC600618BC7 /* AppDelegate.swift */,
				9730FA0921BA742C005A2FAC /* Controllers */,
				9730FA0821BA7417005A2FAC /* Data Model */,
				9730FA0A21BA7440005A2FAC /* Views */,
				9730FA0B21BA7455005A2FAC /* Supporting Files */,
				972C312A21B6BCCB00618BC7 /* Info.plist */,
			);
			path = Todoey4;
			sourceTree = "<group>";
		};
		9730FA0821BA7417005A2FAC /* Data Model */ = {
			isa = PBXGroup;
			children = (
				9730FA2D21BABBFF005A2FAC /* DataModel.xcdatamodeld */,
			);
			path = "Data Model";
			sourceTree = "<group>";
		};
		9730FA0921BA742C005A2FAC /* Controllers */ = {
			isa = PBXGroup;
			children = (
				9730FA3021BDCB74005A2FAC /* CategoryViewController.swift */,
				972C312021B6BCC600618BC7 /* TodoListViewController.swift */,
			);
			path = Controllers;
			sourceTree = "<group>";
		};
		9730FA0A21BA7440005A2FAC /* Views */ = {
			isa = PBXGroup;
			children = (
				972C312221B6BCC600618BC7 /* Main.storyboard */,
			);
			path = Views;
			sourceTree = "<group>";
		};
		9730FA0B21BA7455005A2FAC /* Supporting Files */ = {
			isa = PBXGroup;
			children = (
				972C312521B6BCCB00618BC7 /* Assets.xcassets */,
				972C312721B6BCCB00618BC7 /* LaunchScreen.storyboard */,
			);
			path = "Supporting Files";
			sourceTree = "<group>";
		};
		9C865C388F1106D6FFA2397C /* Pods */ = {
			isa = PBXGroup;
			children = (
				B0411EAF4F4C25ED7A8F96C1 /* Pods-Todoey4.debug.xcconfig */,
				6A4B26DE0A70A1B91018408E /* Pods-Todoey4.release.xcconfig */,
			);
			name = Pods;
			sourceTree = "<group>";
		};
/* End PBXGroup section */

/* Begin PBXNativeTarget section */
		972C311A21B6BCC600618BC7 /* Todoey4 */ = {
			isa = PBXNativeTarget;
			buildConfigurationList = 972C312D21B6BCCB00618BC7 /* Build configuration list for PBXNativeTarget "Todoey4" */;
			buildPhases = (
				DA9A462E63F401A375BFFF7D /* [CP] Check Pods Manifest.lock */,
				972C311721B6BCC600618BC7 /* Sources */,
				972C311821B6BCC600618BC7 /* Frameworks */,
				972C311921B6BCC600618BC7 /* Resources */,
				AAD51239805F790B91139D2B /* [CP] Embed Pods Frameworks */,
			);
			buildRules = (
			);
			dependencies = (
			);
			name = Todoey4;
			productName = Todoey4;
			productReference = 972C311B21B6BCC600618BC7 /* Todoey4.app */;
			productType = "com.apple.product-type.application";
		};
/* End PBXNativeTarget section */

/* Begin PBXProject section */
		972C311321B6BCC600618BC7 /* Project object */ = {
			isa = PBXProject;
			attributes = {
				LastSwiftUpdateCheck = 1010;
				LastUpgradeCheck = 1010;
				ORGANIZATIONNAME = KawaiShu;
				TargetAttributes = {
					972C311A21B6BCC600618BC7 = {
						CreatedOnToolsVersion = 10.1;
					};
				};
			};
			buildConfigurationList = 972C311621B6BCC600618BC7 /* Build configuration list for PBXProject "Todoey4" */;
			compatibilityVersion = "Xcode 9.3";
			developmentRegion = en;
			hasScannedForEncodings = 0;
			knownRegions = (
				en,
				Base,
			);
			mainGroup = 972C311221B6BCC600618BC7;
			productRefGroup = 972C311C21B6BCC600618BC7 /* Products */;
			projectDirPath = "";
			projectRoot = "";
			targets = (
				972C311A21B6BCC600618BC7 /* Todoey4 */,
			);
		};
/* End PBXProject section */

/* Begin PBXResourcesBuildPhase section */
		972C311921B6BCC600618BC7 /* Resources */ = {
			isa = PBXResourcesBuildPhase;
			buildActionMask = 2147483647;
			files = (
				972C312921B6BCCB00618BC7 /* LaunchScreen.storyboard in Resources */,
				972C312621B6BCCB00618BC7 /* Assets.xcassets in Resources */,
				972C312421B6BCC600618BC7 /* Main.storyboard in Resources */,
			);
			runOnlyForDeploymentPostprocessing = 0;
		};
/* End PBXResourcesBuildPhase section */

/* Begin PBXShellScriptBuildPhase section */
		AAD51239805F790B91139D2B /* [CP] Embed Pods Frameworks */ = {
			isa = PBXShellScriptBuildPhase;
			buildActionMask = 2147483647;
			files = (
			);
			inputFileListPaths = (
			);
			inputPaths = (
				"${SRCROOT}/Pods/Target Support Files/Pods-Todoey4/Pods-Todoey4-frameworks.sh",
				"${BUILT_PRODUCTS_DIR}/Realm/Realm.framework",
				"${BUILT_PRODUCTS_DIR}/RealmSwift/RealmSwift.framework",
			);
			name = "[CP] Embed Pods Frameworks";
			outputFileListPaths = (
			);
			outputPaths = (
				"${TARGET_BUILD_DIR}/${FRAMEWORKS_FOLDER_PATH}/Realm.framework",
				"${TARGET_BUILD_DIR}/${FRAMEWORKS_FOLDER_PATH}/RealmSwift.framework",
			);
			runOnlyForDeploymentPostprocessing = 0;
			shellPath = /bin/sh;
			shellScript = "\"${SRCROOT}/Pods/Target Support Files/Pods-Todoey4/Pods-Todoey4-frameworks.sh\"\n";
			showEnvVarsInLog = 0;
		};
		DA9A462E63F401A375BFFF7D /* [CP] Check Pods Manifest.lock */ = {
			isa = PBXShellScriptBuildPhase;
			buildActionMask = 2147483647;
			files = (
			);
			inputFileListPaths = (
			);
			inputPaths = (
				"${PODS_PODFILE_DIR_PATH}/Podfile.lock",
				"${PODS_ROOT}/Manifest.lock",
			);
			name = "[CP] Check Pods Manifest.lock";
			outputFileListPaths = (
			);
			outputPaths = (
				"$(DERIVED_FILE_DIR)/Pods-Todoey4-checkManifestLockResult.txt",
			);
			runOnlyForDeploymentPostprocessing = 0;
			shellPath = /bin/sh;
			shellScript = "diff \"${PODS_PODFILE_DIR_PATH}/Podfile.lock\" \"${PODS_ROOT}/Manifest.lock\" > /dev/null\nif [ $? != 0 ] ; then\n    # print error to STDERR\n    echo \"error: The sandbox is not in sync with the Podfile.lock. Run 'pod install' or update your CocoaPods installation.\" >&2\n    exit 1\nfi\n# This output is used by Xcode 'outputs' to avoid re-running this script phase.\necho \"SUCCESS\" > \"${SCRIPT_OUTPUT_FILE_0}\"\n";
			showEnvVarsInLog = 0;
		};
/* End PBXShellScriptBuildPhase section */

/* Begin PBXSourcesBuildPhase section */
		972C311721B6BCC600618BC7 /* Sources */ = {
			isa = PBXSourcesBuildPhase;
			buildActionMask = 2147483647;
			files = (
				9730FA3121BDCB74005A2FAC /* CategoryViewController.swift in Sources */,
				972C312121B6BCC600618BC7 /* TodoListViewController.swift in Sources */,
				9730FA2F21BABBFF005A2FAC /* DataModel.xcdatamodeld in Sources */,
				972C311F21B6BCC600618BC7 /* AppDelegate.swift in Sources */,
			);
			runOnlyForDeploymentPostprocessing = 0;
		};
/* End PBXSourcesBuildPhase section */

/* Begin PBXVariantGroup section */
		972C312221B6BCC600618BC7 /* Main.storyboard */ = {
			isa = PBXVariantGroup;
			children = (
				972C312321B6BCC600618BC7 /* Base */,
			);
			name = Main.storyboard;
			sourceTree = "<group>";
		};
		972C312721B6BCCB00618BC7 /* LaunchScreen.storyboard */ = {
			isa = PBXVariantGroup;
			children = (
				972C312821B6BCCB00618BC7 /* Base */,
			);
			name = LaunchScreen.storyboard;
			sourceTree = "<group>";
		};
/* End PBXVariantGroup section */

/* Begin XCBuildConfiguration section */
		972C312B21B6BCCB00618BC7 /* Debug */ = {
			isa = XCBuildConfiguration;
			buildSettings = {
				ALWAYS_SEARCH_USER_PATHS = NO;
				CLANG_ANALYZER_NONNULL = YES;
				CLANG_ANALYZER_NUMBER_OBJECT_CONVERSION = YES_AGGRESSIVE;
				CLANG_CXX_LANGUAGE_STANDARD = "gnu++14";
				CLANG_CXX_LIBRARY = "libc++";
				CLANG_ENABLE_MODULES = YES;
				CLANG_ENABLE_OBJC_ARC = YES;
				CLANG_ENABLE_OBJC_WEAK = YES;
				CLANG_WARN_BLOCK_CAPTURE_AUTORELEASING = YES;
				CLANG_WARN_BOOL_CONVERSION = YES;
				CLANG_WARN_COMMA = YES;
				CLANG_WARN_CONSTANT_CONVERSION = YES;
				CLANG_WARN_DEPRECATED_OBJC_IMPLEMENTATIONS = YES;
				CLANG_WARN_DIRECT_OBJC_ISA_USAGE = YES_ERROR;
				CLANG_WARN_DOCUMENTATION_COMMENTS = YES;
				CLANG_WARN_EMPTY_BODY = YES;
				CLANG_WARN_ENUM_CONVERSION = YES;
				CLANG_WARN_INFINITE_RECURSION = YES;
				CLANG_WARN_INT_CONVERSION = YES;
				CLANG_WARN_NON_LITERAL_NULL_CONVERSION = YES;
				CLANG_WARN_OBJC_IMPLICIT_RETAIN_SELF = YES;
				CLANG_WARN_OBJC_LITERAL_CONVERSION = YES;
				CLANG_WARN_OBJC_ROOT_CLASS = YES_ERROR;
				CLANG_WARN_RANGE_LOOP_ANALYSIS = YES;
				CLANG_WARN_STRICT_PROTOTYPES = YES;
				CLANG_WARN_SUSPICIOUS_MOVE = YES;
				CLANG_WARN_UNGUARDED_AVAILABILITY = YES_AGGRESSIVE;
				CLANG_WARN_UNREACHABLE_CODE = YES;
				CLANG_WARN__DUPLICATE_METHOD_MATCH = YES;
				CODE_SIGN_IDENTITY = "iPhone Developer";
				COPY_PHASE_STRIP = NO;
				DEBUG_INFORMATION_FORMAT = dwarf;
				ENABLE_STRICT_OBJC_MSGSEND = YES;
				ENABLE_TESTABILITY = YES;
				GCC_C_LANGUAGE_STANDARD = gnu11;
				GCC_DYNAMIC_NO_PIC = NO;
				GCC_NO_COMMON_BLOCKS = YES;
				GCC_OPTIMIZATION_LEVEL = 0;
				GCC_PREPROCESSOR_DEFINITIONS = (
					"DEBUG=1",
					"$(inherited)",
				);
				GCC_WARN_64_TO_32_BIT_CONVERSION = YES;
				GCC_WARN_ABOUT_RETURN_TYPE = YES_ERROR;
				GCC_WARN_UNDECLARED_SELECTOR = YES;
				GCC_WARN_UNINITIALIZED_AUTOS = YES_AGGRESSIVE;
				GCC_WARN_UNUSED_FUNCTION = YES;
				GCC_WARN_UNUSED_VARIABLE = YES;
				IPHONEOS_DEPLOYMENT_TARGET = 12.1;
				MTL_ENABLE_DEBUG_INFO = INCLUDE_SOURCE;
				MTL_FAST_MATH = YES;
				ONLY_ACTIVE_ARCH = YES;
				SDKROOT = iphoneos;
				SWIFT_ACTIVE_COMPILATION_CONDITIONS = DEBUG;
				SWIFT_OPTIMIZATION_LEVEL = "-Onone";
			};
			name = Debug;
		};
		972C312C21B6BCCB00618BC7 /* Release */ = {
			isa = XCBuildConfiguration;
			buildSettings = {
				ALWAYS_SEARCH_USER_PATHS = NO;
				CLANG_ANALYZER_NONNULL = YES;
				CLANG_ANALYZER_NUMBER_OBJECT_CONVERSION = YES_AGGRESSIVE;
				CLANG_CXX_LANGUAGE_STANDARD = "gnu++14";
				CLANG_CXX_LIBRARY = "libc++";
				CLANG_ENABLE_MODULES = YES;
				CLANG_ENABLE_OBJC_ARC = YES;
				CLANG_ENABLE_OBJC_WEAK = YES;
				CLANG_WARN_BLOCK_CAPTURE_AUTORELEASING = YES;
				CLANG_WARN_BOOL_CONVERSION = YES;
				CLANG_WARN_COMMA = YES;
				CLANG_WARN_CONSTANT_CONVERSION = YES;
				CLANG_WARN_DEPRECATED_OBJC_IMPLEMENTATIONS = YES;
				CLANG_WARN_DIRECT_OBJC_ISA_USAGE = YES_ERROR;
				CLANG_WARN_DOCUMENTATION_COMMENTS = YES;
				CLANG_WARN_EMPTY_BODY = YES;
				CLANG_WARN_ENUM_CONVERSION = YES;
				CLANG_WARN_INFINITE_RECURSION = YES;
				CLANG_WARN_INT_CONVERSION = YES;
				CLANG_WARN_NON_LITERAL_NULL_CONVERSION = YES;
				CLANG_WARN_OBJC_IMPLICIT_RETAIN_SELF = YES;
				CLANG_WARN_OBJC_LITERAL_CONVERSION = YES;
				CLANG_WARN_OBJC_ROOT_CLASS = YES_ERROR;
				CLANG_WARN_RANGE_LOOP_ANALYSIS = YES;
				CLANG_WARN_STRICT_PROTOTYPES = YES;
				CLANG_WARN_SUSPICIOUS_MOVE = YES;
				CLANG_WARN_UNGUARDED_AVAILABILITY = YES_AGGRESSIVE;
				CLANG_WARN_UNREACHABLE_CODE = YES;
				CLANG_WARN__DUPLICATE_METHOD_MATCH = YES;
				CODE_SIGN_IDENTITY = "iPhone Developer";
				COPY_PHASE_STRIP = NO;
				DEBUG_INFORMATION_FORMAT = "dwarf-with-dsym";
				ENABLE_NS_ASSERTIONS = NO;
				ENABLE_STRICT_OBJC_MSGSEND = YES;
				GCC_C_LANGUAGE_STANDARD = gnu11;
				GCC_NO_COMMON_BLOCKS = YES;
				GCC_WARN_64_TO_32_BIT_CONVERSION = YES;
				GCC_WARN_ABOUT_RETURN_TYPE = YES_ERROR;
				GCC_WARN_UNDECLARED_SELECTOR = YES;
				GCC_WARN_UNINITIALIZED_AUTOS = YES_AGGRESSIVE;
				GCC_WARN_UNUSED_FUNCTION = YES;
				GCC_WARN_UNUSED_VARIABLE = YES;
				IPHONEOS_DEPLOYMENT_TARGET = 12.1;
				MTL_ENABLE_DEBUG_INFO = NO;
				MTL_FAST_MATH = YES;
				SDKROOT = iphoneos;
				SWIFT_COMPILATION_MODE = wholemodule;
				SWIFT_OPTIMIZATION_LEVEL = "-O";
				VALIDATE_PRODUCT = YES;
			};
			name = Release;
		};
		972C312E21B6BCCB00618BC7 /* Debug */ = {
			isa = XCBuildConfiguration;
			baseConfigurationReference = B0411EAF4F4C25ED7A8F96C1 /* Pods-Todoey4.debug.xcconfig */;
			buildSettings = {
				ASSETCATALOG_COMPILER_APPICON_NAME = AppIcon;
				CODE_SIGN_STYLE = Automatic;
				INFOPLIST_FILE = Todoey4/Info.plist;
				LD_RUNPATH_SEARCH_PATHS = (
					"$(inherited)",
					"@executable_path/Frameworks",
				);
				PRODUCT_BUNDLE_IDENTIFIER = com.Zodiac.Todoey4;
				PRODUCT_NAME = "$(TARGET_NAME)";
				SWIFT_VERSION = 4.2;
				TARGETED_DEVICE_FAMILY = "1,2";
			};
			name = Debug;
		};
		972C312F21B6BCCB00618BC7 /* Release */ = {
			isa = XCBuildConfiguration;
			baseConfigurationReference = 6A4B26DE0A70A1B91018408E /* Pods-Todoey4.release.xcconfig */;
			buildSettings = {
				ASSETCATALOG_COMPILER_APPICON_NAME = AppIcon;
				CODE_SIGN_STYLE = Automatic;
				INFOPLIST_FILE = Todoey4/Info.plist;
				LD_RUNPATH_SEARCH_PATHS = (
					"$(inherited)",
					"@executable_path/Frameworks",
				);
				PRODUCT_BUNDLE_IDENTIFIER = com.Zodiac.Todoey4;
				PRODUCT_NAME = "$(TARGET_NAME)";
				SWIFT_VERSION = 4.2;
				TARGETED_DEVICE_FAMILY = "1,2";
			};
			name = Release;
		};
/* End XCBuildConfiguration section */

/* Begin XCConfigurationList section */
		972C311621B6BCC600618BC7 /* Build configuration list for PBXProject "Todoey4" */ = {
			isa = XCConfigurationList;
			buildConfigurations = (
				972C312B21B6BCCB00618BC7 /* Debug */,
				972C312C21B6BCCB00618BC7 /* Release */,
			);
			defaultConfigurationIsVisible = 0;
			defaultConfigurationName = Release;
		};
		972C312D21B6BCCB00618BC7 /* Build configuration list for PBXNativeTarget "Todoey4" */ = {
			isa = XCConfigurationList;
			buildConfigurations = (
				972C312E21B6BCCB00618BC7 /* Debug */,
				972C312F21B6BCCB00618BC7 /* Release */,
			);
			defaultConfigurationIsVisible = 0;
			defaultConfigurationName = Release;
		};
/* End XCConfigurationList section */

/* Begin XCVersionGroup section */
		9730FA2D21BABBFF005A2FAC /* DataModel.xcdatamodeld */ = {
			isa = XCVersionGroup;
			children = (
				9730FA2E21BABBFF005A2FAC /* DataModel.xcdatamodel */,
			);
			currentVersion = 9730FA2E21BABBFF005A2FAC /* DataModel.xcdatamodel */;
			path = DataModel.xcdatamodeld;
			sourceTree = "<group>";
			versionGroupType = wrapper.xcdatamodel;
		};
/* End XCVersionGroup section */
	};
	rootObject = 972C311321B6BCC600618BC7 /* Project object */;
}
